
Microsoft Visual Studio Solution File, Format Version 12.00
# Visual Studio 15
VisualStudioVersion = 15.0.27703.2000
MinimumVisualStudioVersion = 10.0.40219.1
Project("{DA7A21FA-8162-4350-AD77-A8D1B671F3ED}") = "echarts4rShiny", "echarts4rShiny.rxproj", "{28E95BDE-6C7F-42C4-AD56-5250CFA8CB3C}"
EndProject
Global
	GlobalSection(SolutionConfigurationPlatforms) = preSolution
		Debug|Any CPU = Debug|Any CPU
		Release|Any CPU = Release|Any CPU
	EndGlobalSection
	GlobalSection(ProjectConfigurationPlatforms) = postSolution
		{28E95BDE-6C7F-42C4-AD56-5250CFA8CB3C}.Debug|Any CPU.ActiveCfg = Debug|Any CPU
		{28E95BDE-6C7F-42C4-AD56-5250CFA8CB3C}.Debug|Any CPU.Build.0 = Debug|Any CPU
		{28E95BDE-6C7F-42C4-AD56-5250CFA8CB3C}.Release|Any CPU.ActiveCfg = Release|Any CPU
		{28E95BDE-6C7F-42C4-AD56-5250CFA8CB3C}.Release|Any CPU.Build.0 = Release|Any CPU
	EndGlobalSection
	GlobalSection(SolutionProperties) = preSolution
		HideSolutionNode = FALSE
	EndGlobalSection
	GlobalSection(ExtensibilityGlobals) = postSolution
		SolutionGuid = {460E6300-E1A5-4FC7-8AC3-4C215DFCE21E}
	EndGlobalSection
EndGlobal
